
Microsoft Visual Studio Solution File, Format Version 12.00
# Visual Studio Version 16
VisualStudioVersion = 16.0.30907.101
MinimumVisualStudioVersion = 10.0.40219.1
Project("{FAE04EC0-301F-11D3-BF4B-00C04F79EFBC}") = "CabInvoiceGenerator", "CabInvoiceGenerator.csproj", "{4568F39B-767B-47E4-9433-060F5AAAAE8A}"
EndProject
Project("{FAE04EC0-301F-11D3-BF4B-00C04F79EFBC}") = "InvoceGenerateNUnitTest", "..\InvoceGenerateNUnitTest\InvoceGenerateNUnitTest.csproj", "{5D9CF5C5-E7AF-48FA-B499-FF486CBE7404}"
EndProject
Global
	GlobalSection(SolutionConfigurationPlatforms) = preSolution
		Debug|Any CPU = Debug|Any CPU
		Release|Any CPU = Release|Any CPU
	EndGlobalSection
	GlobalSection(ProjectConfigurationPlatforms) = postSolution
		{4568F39B-767B-47E4-9433-060F5AAAAE8A}.Debug|Any CPU.ActiveCfg = Debug|Any CPU
		{4568F39B-767B-47E4-9433-060F5AAAAE8A}.Debug|Any CPU.Build.0 = Debug|Any CPU
		{4568F39B-767B-47E4-9433-060F5AAAAE8A}.Release|Any CPU.ActiveCfg = Release|Any CPU
		{4568F39B-767B-47E4-9433-060F5AAAAE8A}.Release|Any CPU.Build.0 = Release|Any CPU
		{5D9CF5C5-E7AF-48FA-B499-FF486CBE7404}.Debug|Any CPU.ActiveCfg = Debug|Any CPU
		{5D9CF5C5-E7AF-48FA-B499-FF486CBE7404}.Debug|Any CPU.Build.0 = Debug|Any CPU
		{5D9CF5C5-E7AF-48FA-B499-FF486CBE7404}.Release|Any CPU.ActiveCfg = Release|Any CPU
		{5D9CF5C5-E7AF-48FA-B499-FF486CBE7404}.Release|Any CPU.Build.0 = Release|Any CPU
	EndGlobalSection
	GlobalSection(SolutionProperties) = preSolution
		HideSolutionNode = FALSE
	EndGlobalSection
	GlobalSection(ExtensibilityGlobals) = postSolution
		SolutionGuid = {668145CE-FB4E-4BEB-B931-4B4A5A4DEFAE}
	EndGlobalSection
EndGlobal
